
Microsoft Visual Studio Solution File, Format Version 12.00
# Visual Studio 15
VisualStudioVersion = 15.0.28010.2046
MinimumVisualStudioVersion = 10.0.40219.1
Project("{FAE04EC0-301F-11D3-BF4B-00C04F79EFBC}") = "COMP123-S2019-A5-301045531", "COMP123-S2019-A5-301045531\COMP123-S2019-A5-301045531.csproj", "{B37F2C2C-B050-4741-A18A-3A06903E371C}"
EndProject
Global
	GlobalSection(SolutionConfigurationPlatforms) = preSolution
		Debug|Any CPU = Debug|Any CPU
		Release|Any CPU = Release|Any CPU
	EndGlobalSection
	GlobalSection(ProjectConfigurationPlatforms) = postSolution
		{B37F2C2C-B050-4741-A18A-3A06903E371C}.Debug|Any CPU.ActiveCfg = Debug|Any CPU
		{B37F2C2C-B050-4741-A18A-3A06903E371C}.Debug|Any CPU.Build.0 = Debug|Any CPU
		{B37F2C2C-B050-4741-A18A-3A06903E371C}.Release|Any CPU.ActiveCfg = Release|Any CPU
		{B37F2C2C-B050-4741-A18A-3A06903E371C}.Release|Any CPU.Build.0 = Release|Any CPU
	EndGlobalSection
	GlobalSection(SolutionProperties) = preSolution
		HideSolutionNode = FALSE
	EndGlobalSection
	GlobalSection(ExtensibilityGlobals) = postSolution
		SolutionGuid = {A85A88DF-A6C7-49CE-BADC-582C4FB8C431}
	EndGlobalSection
EndGlobal
